
Microsoft Visual Studio Solution File, Format Version 12.00
# Visual Studio Version 18
VisualStudioVersion = 18.3.11520.95 d18.3
MinimumVisualStudioVersion = 10.0.40219.1
Project("{FAE04EC0-301F-11D3-BF4B-00C04F79EFBC}") = "AssetGenerator", "AssetGenerator\AssetGenerator.csproj", "{0960C9D7-F3CA-4F3B-AE14-CA9AA2B7084C}"
EndProject
Project("{FAE04EC0-301F-11D3-BF4B-00C04F79EFBC}") = "AssetGenerator.Tests", "AssetGenerator.Tests\AssetGenerator.Tests.csproj", "{CE29E8EF-060B-474F-9C35-DB89AB08AF7E}"
EndProject
Global
	GlobalSection(SolutionConfigurationPlatforms) = preSolution
		Debug|Any CPU = Debug|Any CPU
		Release|Any CPU = Release|Any CPU
	EndGlobalSection
	GlobalSection(ProjectConfigurationPlatforms) = postSolution
		{0960C9D7-F3CA-4F3B-AE14-CA9AA2B7084C}.Debug|Any CPU.ActiveCfg = Debug|Any CPU
		{0960C9D7-F3CA-4F3B-AE14-CA9AA2B7084C}.Debug|Any CPU.Build.0 = Debug|Any CPU
		{0960C9D7-F3CA-4F3B-AE14-CA9AA2B7084C}.Release|Any CPU.ActiveCfg = Release|Any CPU
		{0960C9D7-F3CA-4F3B-AE14-CA9AA2B7084C}.Release|Any CPU.Build.0 = Release|Any CPU
		{CE29E8EF-060B-474F-9C35-DB89AB08AF7E}.Debug|Any CPU.ActiveCfg = Debug|Any CPU
		{CE29E8EF-060B-474F-9C35-DB89AB08AF7E}.Debug|Any CPU.Build.0 = Debug|Any CPU
		{CE29E8EF-060B-474F-9C35-DB89AB08AF7E}.Release|Any CPU.ActiveCfg = Release|Any CPU
		{CE29E8EF-060B-474F-9C35-DB89AB08AF7E}.Release|Any CPU.Build.0 = Release|Any CPU
	EndGlobalSection
	GlobalSection(SolutionProperties) = preSolution
		HideSolutionNode = FALSE
	EndGlobalSection
	GlobalSection(ExtensibilityGlobals) = postSolution
		SolutionGuid = {BAA1FE8A-F168-40B9-946C-6A9616EAFF43}
	EndGlobalSection
EndGlobal
